
Microsoft Visual Studio Solution File, Format Version 12.00
# Visual Studio 14
VisualStudioVersion = 14.0.25123.0
MinimumVisualStudioVersion = 10.0.40219.1
Project("{FAE04EC0-301F-11D3-BF4B-00C04F79EFBC}") = "Net45Library", "Net45Library\Net45Library.csproj", "{C21316A0-0B2F-4D6E-A5F2-7D60353DB30B}"
EndProject
Global
	GlobalSection(SolutionConfigurationPlatforms) = preSolution
		Debug|Any CPU = Debug|Any CPU
		Release|Any CPU = Release|Any CPU
	EndGlobalSection
	GlobalSection(ProjectConfigurationPlatforms) = postSolution
		{C21316A0-0B2F-4D6E-A5F2-7D60353DB30B}.Debug|Any CPU.ActiveCfg = Debug|Any CPU
		{C21316A0-0B2F-4D6E-A5F2-7D60353DB30B}.Debug|Any CPU.Build.0 = Debug|Any CPU
		{C21316A0-0B2F-4D6E-A5F2-7D60353DB30B}.Release|Any CPU.ActiveCfg = Release|Any CPU
		{C21316A0-0B2F-4D6E-A5F2-7D60353DB30B}.Release|Any CPU.Build.0 = Release|Any CPU
	EndGlobalSection
	GlobalSection(SolutionProperties) = preSolution
		HideSolutionNode = FALSE
	EndGlobalSection
	GlobalSection(CodealikeProperties) = postSolution
		SolutionGuid = a30794f0-d78f-40d7-9c0b-6370740d95bf
	EndGlobalSection
EndGlobal
